{
  "name": "spec2019-theme",
  "version": "1.0.0",
  "lockfileVersion": 1,
  "requires": true,
  "dependencies": {
    "class.extend": {
      "version": "0.9.2",
      "resolved": "https://registry.npmjs.org/class.extend/-/class.extend-0.9.2.tgz",
      "integrity": "sha1-4cvaNpfLMdPNqxwAHSaQdckDH3g="
    },
    "lodash": {
      "version": "4.17.15",
      "resolved": "https://registry.npmjs.org/lodash/-/lodash-4.17.15.tgz",
      "integrity": "sha512-8xOcRHvCjnocdS5cpwXQXVzmmh5e5+saE2QGoeQmbKmRS6J3VQppPOIt0MnmE+4xlZoumy0GPG0D0MVIQbNA1A=="
    },
    "serverless-plugin-stage-variables": {
      "version": "1.9.5",
      "resolved": "https://registry.npmjs.org/serverless-plugin-stage-variables/-/serverless-plugin-stage-variables-1.9.5.tgz",
      "integrity": "sha512-juALCi1heLrkvY+JKryoYTUp48Qq/evT2tWOLsIKh3qcx8PqT4fvF/y4QWQFwXXYrNFAX9dIuaSioFidUPpxBg==",
      "requires": {
        "class.extend": "~0.9.2",
        "lodash": "~4.17.13"
      }
    }
  }
}
